
Microsoft Visual Studio Solution File, Format Version 12.00
# Visual Studio 15
VisualStudioVersion = 15.0.28010.2003
MinimumVisualStudioVersion = 10.0.40219.1
Project("{2150E333-8FDC-42A3-9474-1A3956D46DE8}") = "Solution Items", "Solution Items", "{E69D76F3-05F1-464B-B341-097041B38799}"
	ProjectSection(SolutionItems) = preProject
		index.html = index.html
		main.js = main.js
		objects.js = objects.js
	EndProjectSection
EndProject
Global
	GlobalSection(SolutionProperties) = preSolution
		HideSolutionNode = FALSE
	EndGlobalSection
	GlobalSection(ExtensibilityGlobals) = postSolution
		SolutionGuid = {7ACEA83C-2D72-469C-A917-BEB0468C54D4}
	EndGlobalSection
EndGlobal
